// !$*UTF8*$!
{
	archiveVersion = 1;
	classes = {
	};
	objectVersion = 51;
	objects = {

/* Begin PBXBuildFile section */
		1154C2ECCA0BA80A24AE0211 /* Pods_SmackApp.framework in Frameworks */ = {isa = PBXBuildFile; fileRef = 550696B914B267E799B2BDD2 /* Pods_SmackApp.framework */; };
		5209AEEB245D644200789B0E /* CircleImage.swift in Sources */ = {isa = PBXBuildFile; fileRef = 5209AEEA245D644200789B0E /* CircleImage.swift */; };
		5209AEF1246BE71800789B0E /* ProfileVC.swift in Sources */ = {isa = PBXBuildFile; fileRef = 5209AEEF246BE71800789B0E /* ProfileVC.swift */; };
		5209AEF2246BE71800789B0E /* ProfileVC.xib in Resources */ = {isa = PBXBuildFile; fileRef = 5209AEF0246BE71800789B0E /* ProfileVC.xib */; };
		52739CBA2449A044004A9697 /* AppDelegate.swift in Sources */ = {isa = PBXBuildFile; fileRef = 52739CB92449A044004A9697 /* AppDelegate.swift */; };
		52739CBC2449A044004A9697 /* SceneDelegate.swift in Sources */ = {isa = PBXBuildFile; fileRef = 52739CBB2449A044004A9697 /* SceneDelegate.swift */; };
		52739CC12449A044004A9697 /* Main.storyboard in Resources */ = {isa = PBXBuildFile; fileRef = 52739CBF2449A044004A9697 /* Main.storyboard */; };
		52739CC32449A047004A9697 /* Assets.xcassets in Resources */ = {isa = PBXBuildFile; fileRef = 52739CC22449A047004A9697 /* Assets.xcassets */; };
		52739CC62449A047004A9697 /* LaunchScreen.storyboard in Resources */ = {isa = PBXBuildFile; fileRef = 52739CC42449A047004A9697 /* LaunchScreen.storyboard */; };
		52739CD12449A205004A9697 /* SWRevealViewController.m in Sources */ = {isa = PBXBuildFile; fileRef = 52739CCF2449A205004A9697 /* SWRevealViewController.m */; };
		52739CD72449A26D004A9697 /* ChatVC.swift in Sources */ = {isa = PBXBuildFile; fileRef = 52739CD62449A26D004A9697 /* ChatVC.swift */; };
		52739CD92449A282004A9697 /* ChannelVC.swift in Sources */ = {isa = PBXBuildFile; fileRef = 52739CD82449A282004A9697 /* ChannelVC.swift */; };
		52923F69244AA8D400570BFE /* GradientView.swift in Sources */ = {isa = PBXBuildFile; fileRef = 52923F68244AA8D400570BFE /* GradientView.swift */; };
		52923F6C244AC30200570BFE /* Constants.swift in Sources */ = {isa = PBXBuildFile; fileRef = 52923F6B244AC30200570BFE /* Constants.swift */; };
		52923F6E244B0C5600570BFE /* LoginVC.swift in Sources */ = {isa = PBXBuildFile; fileRef = 52923F6D244B0C5600570BFE /* LoginVC.swift */; };
		52923F70244C0CF000570BFE /* CreateAccountVC.swift in Sources */ = {isa = PBXBuildFile; fileRef = 52923F6F244C0CF000570BFE /* CreateAccountVC.swift */; };
		52923F74244F4E1400570BFE /* AuthServices.swift in Sources */ = {isa = PBXBuildFile; fileRef = 52923F73244F4E1400570BFE /* AuthServices.swift */; };
		52923F762452AF8E00570BFE /* RoundedButton.swift in Sources */ = {isa = PBXBuildFile; fileRef = 52923F752452AF8E00570BFE /* RoundedButton.swift */; };
		52A9CA132459635600541AE9 /* UserDataServices.swift in Sources */ = {isa = PBXBuildFile; fileRef = 52A9CA122459635600541AE9 /* UserDataServices.swift */; };
		52A9CA1524599B5800541AE9 /* AvatarPickerVC.swift in Sources */ = {isa = PBXBuildFile; fileRef = 52A9CA1424599B5800541AE9 /* AvatarPickerVC.swift */; };
		52A9CA172459A16E00541AE9 /* AvatarCell.swift in Sources */ = {isa = PBXBuildFile; fileRef = 52A9CA162459A16E00541AE9 /* AvatarCell.swift */; };
/* End PBXBuildFile section */

/* Begin PBXFileReference section */
		3F1548C9B76E0B2D94704542 /* Pods-SmackApp.debug.xcconfig */ = {isa = PBXFileReference; includeInIndex = 1; lastKnownFileType = text.xcconfig; name = "Pods-SmackApp.debug.xcconfig"; path = "Target Support Files/Pods-SmackApp/Pods-SmackApp.debug.xcconfig"; sourceTree = "<group>"; };
		5209AEEA245D644200789B0E /* CircleImage.swift */ = {isa = PBXFileReference; lastKnownFileType = sourcecode.swift; path = CircleImage.swift; sourceTree = "<group>"; };
		5209AEEF246BE71800789B0E /* ProfileVC.swift */ = {isa = PBXFileReference; lastKnownFileType = sourcecode.swift; path = ProfileVC.swift; sourceTree = "<group>"; };
		5209AEF0246BE71800789B0E /* ProfileVC.xib */ = {isa = PBXFileReference; lastKnownFileType = file.xib; path = ProfileVC.xib; sourceTree = "<group>"; };
		52739CB62449A044004A9697 /* SmackApp.app */ = {isa = PBXFileReference; explicitFileType = wrapper.application; includeInIndex = 0; path = SmackApp.app; sourceTree = BUILT_PRODUCTS_DIR; };
		52739CB92449A044004A9697 /* AppDelegate.swift */ = {isa = PBXFileReference; lastKnownFileType = sourcecode.swift; path = AppDelegate.swift; sourceTree = "<group>"; };
		52739CBB2449A044004A9697 /* SceneDelegate.swift */ = {isa = PBXFileReference; lastKnownFileType = sourcecode.swift; path = SceneDelegate.swift; sourceTree = "<group>"; };
		52739CC02449A044004A9697 /* Base */ = {isa = PBXFileReference; lastKnownFileType = file.storyboard; name = Base; path = Base.lproj/Main.storyboard; sourceTree = "<group>"; };
		52739CC22449A047004A9697 /* Assets.xcassets */ = {isa = PBXFileReference; lastKnownFileType = folder.assetcatalog; path = Assets.xcassets; sourceTree = "<group>"; };
		52739CC52449A047004A9697 /* Base */ = {isa = PBXFileReference; lastKnownFileType = file.storyboard; name = Base; path = Base.lproj/LaunchScreen.storyboard; sourceTree = "<group>"; };
		52739CC72449A047004A9697 /* Info.plist */ = {isa = PBXFileReference; lastKnownFileType = text.plist.xml; path = Info.plist; sourceTree = "<group>"; };
		52739CCE2449A205004A9697 /* SmackApp-Bridging-Header.h */ = {isa = PBXFileReference; lastKnownFileType = sourcecode.c.h; path = "SmackApp-Bridging-Header.h"; sourceTree = "<group>"; };
		52739CCF2449A205004A9697 /* SWRevealViewController.m */ = {isa = PBXFileReference; fileEncoding = 4; lastKnownFileType = sourcecode.c.objc; path = SWRevealViewController.m; sourceTree = "<group>"; };
		52739CD02449A205004A9697 /* SWRevealViewController.h */ = {isa = PBXFileReference; fileEncoding = 4; lastKnownFileType = sourcecode.c.h; path = SWRevealViewController.h; sourceTree = "<group>"; };
		52739CD62449A26D004A9697 /* ChatVC.swift */ = {isa = PBXFileReference; lastKnownFileType = sourcecode.swift; path = ChatVC.swift; sourceTree = "<group>"; };
		52739CD82449A282004A9697 /* ChannelVC.swift */ = {isa = PBXFileReference; lastKnownFileType = sourcecode.swift; path = ChannelVC.swift; sourceTree = "<group>"; };
		52923F68244AA8D400570BFE /* GradientView.swift */ = {isa = PBXFileReference; lastKnownFileType = sourcecode.swift; path = GradientView.swift; sourceTree = "<group>"; };
		52923F6B244AC30200570BFE /* Constants.swift */ = {isa = PBXFileReference; lastKnownFileType = sourcecode.swift; path = Constants.swift; sourceTree = "<group>"; };
		52923F6D244B0C5600570BFE /* LoginVC.swift */ = {isa = PBXFileReference; lastKnownFileType = sourcecode.swift; path = LoginVC.swift; sourceTree = "<group>"; };
		52923F6F244C0CF000570BFE /* CreateAccountVC.swift */ = {isa = PBXFileReference; lastKnownFileType = sourcecode.swift; path = CreateAccountVC.swift; sourceTree = "<group>"; };
		52923F73244F4E1400570BFE /* AuthServices.swift */ = {isa = PBXFileReference; lastKnownFileType = sourcecode.swift; path = AuthServices.swift; sourceTree = "<group>"; };
		52923F752452AF8E00570BFE /* RoundedButton.swift */ = {isa = PBXFileReference; lastKnownFileType = sourcecode.swift; path = RoundedButton.swift; sourceTree = "<group>"; };
		52A9CA122459635600541AE9 /* UserDataServices.swift */ = {isa = PBXFileReference; lastKnownFileType = sourcecode.swift; path = UserDataServices.swift; sourceTree = "<group>"; };
		52A9CA1424599B5800541AE9 /* AvatarPickerVC.swift */ = {isa = PBXFileReference; lastKnownFileType = sourcecode.swift; path = AvatarPickerVC.swift; sourceTree = "<group>"; };
		52A9CA162459A16E00541AE9 /* AvatarCell.swift */ = {isa = PBXFileReference; lastKnownFileType = sourcecode.swift; path = AvatarCell.swift; sourceTree = "<group>"; };
		550696B914B267E799B2BDD2 /* Pods_SmackApp.framework */ = {isa = PBXFileReference; explicitFileType = wrapper.framework; includeInIndex = 0; path = Pods_SmackApp.framework; sourceTree = BUILT_PRODUCTS_DIR; };
		C1A592853A109405035C496C /* Pods-SmackApp.release.xcconfig */ = {isa = PBXFileReference; includeInIndex = 1; lastKnownFileType = text.xcconfig; name = "Pods-SmackApp.release.xcconfig"; path = "Target Support Files/Pods-SmackApp/Pods-SmackApp.release.xcconfig"; sourceTree = "<group>"; };
/* End PBXFileReference section */

/* Begin PBXFrameworksBuildPhase section */
		52739CB32449A044004A9697 /* Frameworks */ = {
			isa = PBXFrameworksBuildPhase;
			buildActionMask = 2147483647;
			files = (
				1154C2ECCA0BA80A24AE0211 /* Pods_SmackApp.framework in Frameworks */,
			);
			runOnlyForDeploymentPostprocessing = 0;
		};
/* End PBXFrameworksBuildPhase section */

/* Begin PBXGroup section */
		3A5171522D4B3ABE47CB3E84 /* Pods */ = {
			isa = PBXGroup;
			children = (
				3F1548C9B76E0B2D94704542 /* Pods-SmackApp.debug.xcconfig */,
				C1A592853A109405035C496C /* Pods-SmackApp.release.xcconfig */,
			);
			path = Pods;
			sourceTree = "<group>";
		};
		5209AEEE246BE6D500789B0E /* XIBs */ = {
			isa = PBXGroup;
			children = (
				5209AEF0246BE71800789B0E /* ProfileVC.xib */,
			);
			path = XIBs;
			sourceTree = "<group>";
		};
		52739CAD2449A044004A9697 = {
			isa = PBXGroup;
			children = (
				52739CB82449A044004A9697 /* SmackApp */,
				52739CB72449A044004A9697 /* Products */,
				3A5171522D4B3ABE47CB3E84 /* Pods */,
				73E63D34A58980B1894D5628 /* Frameworks */,
			);
			sourceTree = "<group>";
		};
		52739CB72449A044004A9697 /* Products */ = {
			isa = PBXGroup;
			children = (
				52739CB62449A044004A9697 /* SmackApp.app */,
			);
			name = Products;
			sourceTree = "<group>";
		};
		52739CB82449A044004A9697 /* SmackApp */ = {
			isa = PBXGroup;
			children = (
				5209AEEE246BE6D500789B0E /* XIBs */,
				52923F72244F4BDD00570BFE /* Services */,
				52923F6A244AC2E900570BFE /* Utilities */,
				52739CD52449A259004A9697 /* Controller */,
				52739CD32449A235004A9697 /* Views */,
				52739CD22449A22E004A9697 /* model */,
				52739CCD2449A1E3004A9697 /* supporting files */,
				52739CB92449A044004A9697 /* AppDelegate.swift */,
				52739CBB2449A044004A9697 /* SceneDelegate.swift */,
				52739CBF2449A044004A9697 /* Main.storyboard */,
				52739CC22449A047004A9697 /* Assets.xcassets */,
				52739CC42449A047004A9697 /* LaunchScreen.storyboard */,
				52739CC72449A047004A9697 /* Info.plist */,
			);
			path = SmackApp;
			sourceTree = "<group>";
		};
		52739CCD2449A1E3004A9697 /* supporting files */ = {
			isa = PBXGroup;
			children = (
				52739CD02449A205004A9697 /* SWRevealViewController.h */,
				52739CCF2449A205004A9697 /* SWRevealViewController.m */,
				52739CCE2449A205004A9697 /* SmackApp-Bridging-Header.h */,
			);
			path = "supporting files";
			sourceTree = "<group>";
		};
		52739CD22449A22E004A9697 /* model */ = {
			isa = PBXGroup;
			children = (
			);
			path = model;
			sourceTree = "<group>";
		};
		52739CD32449A235004A9697 /* Views */ = {
			isa = PBXGroup;
			children = (
				52923F68244AA8D400570BFE /* GradientView.swift */,
				52923F752452AF8E00570BFE /* RoundedButton.swift */,
				52A9CA162459A16E00541AE9 /* AvatarCell.swift */,
				5209AEEA245D644200789B0E /* CircleImage.swift */,
			);
			path = Views;
			sourceTree = "<group>";
		};
		52739CD52449A259004A9697 /* Controller */ = {
			isa = PBXGroup;
			children = (
				52739CD62449A26D004A9697 /* ChatVC.swift */,
				52739CD82449A282004A9697 /* ChannelVC.swift */,
				5209AEEF246BE71800789B0E /* ProfileVC.swift */,
				52923F6D244B0C5600570BFE /* LoginVC.swift */,
				52923F6F244C0CF000570BFE /* CreateAccountVC.swift */,
				52A9CA1424599B5800541AE9 /* AvatarPickerVC.swift */,
			);
			path = Controller;
			sourceTree = "<group>";
		};
		52923F6A244AC2E900570BFE /* Utilities */ = {
			isa = PBXGroup;
			children = (
				52923F6B244AC30200570BFE /* Constants.swift */,
			);
			path = Utilities;
			sourceTree = "<group>";
		};
		52923F72244F4BDD00570BFE /* Services */ = {
			isa = PBXGroup;
			children = (
				52923F73244F4E1400570BFE /* AuthServices.swift */,
				52A9CA122459635600541AE9 /* UserDataServices.swift */,
			);
			path = Services;
			sourceTree = "<group>";
		};
		73E63D34A58980B1894D5628 /* Frameworks */ = {
			isa = PBXGroup;
			children = (
				550696B914B267E799B2BDD2 /* Pods_SmackApp.framework */,
			);
			name = Frameworks;
			sourceTree = "<group>";
		};
/* End PBXGroup section */

/* Begin PBXNativeTarget section */
		52739CB52449A044004A9697 /* SmackApp */ = {
			isa = PBXNativeTarget;
			buildConfigurationList = 52739CCA2449A047004A9697 /* Build configuration list for PBXNativeTarget "SmackApp" */;
			buildPhases = (
				7DD575DADE7C2D69F7DB2566 /* [CP] Check Pods Manifest.lock */,
				52739CB22449A044004A9697 /* Sources */,
				52739CB32449A044004A9697 /* Frameworks */,
				52739CB42449A044004A9697 /* Resources */,
				5456770368439C1DE678310D /* [CP] Embed Pods Frameworks */,
			);
			buildRules = (
			);
			dependencies = (
			);
			name = SmackApp;
			productName = SmackApp;
			productReference = 52739CB62449A044004A9697 /* SmackApp.app */;
			productType = "com.apple.product-type.application";
		};
/* End PBXNativeTarget section */

/* Begin PBXProject section */
		52739CAE2449A044004A9697 /* Project object */ = {
			isa = PBXProject;
			attributes = {
				LastSwiftUpdateCheck = 1140;
				LastUpgradeCheck = 1140;
				ORGANIZATIONNAME = Dixit;
				TargetAttributes = {
					52739CB52449A044004A9697 = {
						CreatedOnToolsVersion = 11.4;
						LastSwiftMigration = 1140;
					};
				};
			};
			buildConfigurationList = 52739CB12449A044004A9697 /* Build configuration list for PBXProject "SmackApp" */;
			compatibilityVersion = "Xcode 9.3";
			developmentRegion = en;
			hasScannedForEncodings = 0;
			knownRegions = (
				en,
				Base,
			);
			mainGroup = 52739CAD2449A044004A9697;
			productRefGroup = 52739CB72449A044004A9697 /* Products */;
			projectDirPath = "";
			projectRoot = "";
			targets = (
				52739CB52449A044004A9697 /* SmackApp */,
			);
		};
/* End PBXProject section */

/* Begin PBXResourcesBuildPhase section */
		52739CB42449A044004A9697 /* Resources */ = {
			isa = PBXResourcesBuildPhase;
			buildActionMask = 2147483647;
			files = (
				5209AEF2246BE71800789B0E /* ProfileVC.xib in Resources */,
				52739CC62449A047004A9697 /* LaunchScreen.storyboard in Resources */,
				52739CC32449A047004A9697 /* Assets.xcassets in Resources */,
				52739CC12449A044004A9697 /* Main.storyboard in Resources */,
			);
			runOnlyForDeploymentPostprocessing = 0;
		};
/* End PBXResourcesBuildPhase section */

/* Begin PBXShellScriptBuildPhase section */
		5456770368439C1DE678310D /* [CP] Embed Pods Frameworks */ = {
			isa = PBXShellScriptBuildPhase;
			buildActionMask = 2147483647;
			files = (
			);
			inputFileListPaths = (
				"${PODS_ROOT}/Target Support Files/Pods-SmackApp/Pods-SmackApp-frameworks-${CONFIGURATION}-input-files.xcfilelist",
			);
			name = "[CP] Embed Pods Frameworks";
			outputFileListPaths = (
				"${PODS_ROOT}/Target Support Files/Pods-SmackApp/Pods-SmackApp-frameworks-${CONFIGURATION}-output-files.xcfilelist",
			);
			runOnlyForDeploymentPostprocessing = 0;
			shellPath = /bin/sh;
			shellScript = "\"${PODS_ROOT}/Target Support Files/Pods-SmackApp/Pods-SmackApp-frameworks.sh\"\n";
			showEnvVarsInLog = 0;
		};
		7DD575DADE7C2D69F7DB2566 /* [CP] Check Pods Manifest.lock */ = {
			isa = PBXShellScriptBuildPhase;
			buildActionMask = 2147483647;
			files = (
			);
			inputFileListPaths = (
			);
			inputPaths = (
				"${PODS_PODFILE_DIR_PATH}/Podfile.lock",
				"${PODS_ROOT}/Manifest.lock",
			);
			name = "[CP] Check Pods Manifest.lock";
			outputFileListPaths = (
			);
			outputPaths = (
				"$(DERIVED_FILE_DIR)/Pods-SmackApp-checkManifestLockResult.txt",
			);
			runOnlyForDeploymentPostprocessing = 0;
			shellPath = /bin/sh;
			shellScript = "diff \"${PODS_PODFILE_DIR_PATH}/Podfile.lock\" \"${PODS_ROOT}/Manifest.lock\" > /dev/null\nif [ $? != 0 ] ; then\n    # print error to STDERR\n    echo \"error: The sandbox is not in sync with the Podfile.lock. Run 'pod install' or update your CocoaPods installation.\" >&2\n    exit 1\nfi\n# This output is used by Xcode 'outputs' to avoid re-running this script phase.\necho \"SUCCESS\" > \"${SCRIPT_OUTPUT_FILE_0}\"\n";
			showEnvVarsInLog = 0;
		};
/* End PBXShellScriptBuildPhase section */

/* Begin PBXSourcesBuildPhase section */
		52739CB22449A044004A9697 /* Sources */ = {
			isa = PBXSourcesBuildPhase;
			buildActionMask = 2147483647;
			files = (
				52739CBA2449A044004A9697 /* AppDelegate.swift in Sources */,
				52739CBC2449A044004A9697 /* SceneDelegate.swift in Sources */,
				52A9CA172459A16E00541AE9 /* AvatarCell.swift in Sources */,
				52A9CA132459635600541AE9 /* UserDataServices.swift in Sources */,
				5209AEF1246BE71800789B0E /* ProfileVC.swift in Sources */,
				52923F6E244B0C5600570BFE /* LoginVC.swift in Sources */,
				52923F69244AA8D400570BFE /* GradientView.swift in Sources */,
				52739CD12449A205004A9697 /* SWRevealViewController.m in Sources */,
				52923F74244F4E1400570BFE /* AuthServices.swift in Sources */,
				52923F762452AF8E00570BFE /* RoundedButton.swift in Sources */,
				52923F70244C0CF000570BFE /* CreateAccountVC.swift in Sources */,
				52923F6C244AC30200570BFE /* Constants.swift in Sources */,
				52739CD92449A282004A9697 /* ChannelVC.swift in Sources */,
				52739CD72449A26D004A9697 /* ChatVC.swift in Sources */,
				52A9CA1524599B5800541AE9 /* AvatarPickerVC.swift in Sources */,
				5209AEEB245D644200789B0E /* CircleImage.swift in Sources */,
			);
			runOnlyForDeploymentPostprocessing = 0;
		};
/* End PBXSourcesBuildPhase section */

/* Begin PBXVariantGroup section */
		52739CBF2449A044004A9697 /* Main.storyboard */ = {
			isa = PBXVariantGroup;
			children = (
				52739CC02449A044004A9697 /* Base */,
			);
			name = Main.storyboard;
			sourceTree = "<group>";
		};
		52739CC42449A047004A9697 /* LaunchScreen.storyboard */ = {
			isa = PBXVariantGroup;
			children = (
				52739CC52449A047004A9697 /* Base */,
			);
			name = LaunchScreen.storyboard;
			sourceTree = "<group>";
		};
/* End PBXVariantGroup section */

/* Begin XCBuildConfiguration section */
		52739CC82449A047004A9697 /* Debug */ = {
			isa = XCBuildConfiguration;
			buildSettings = {
				ALWAYS_SEARCH_USER_PATHS = NO;
				CLANG_ANALYZER_NONNULL = YES;
				CLANG_ANALYZER_NUMBER_OBJECT_CONVERSION = YES_AGGRESSIVE;
				CLANG_CXX_LANGUAGE_STANDARD = "gnu++14";
				CLANG_CXX_LIBRARY = "libc++";
				CLANG_ENABLE_MODULES = YES;
				CLANG_ENABLE_OBJC_ARC = YES;
				CLANG_ENABLE_OBJC_WEAK = YES;
				CLANG_WARN_BLOCK_CAPTURE_AUTORELEASING = YES;
				CLANG_WARN_BOOL_CONVERSION = YES;
				CLANG_WARN_COMMA = YES;
				CLANG_WARN_CONSTANT_CONVERSION = YES;
				CLANG_WARN_DEPRECATED_OBJC_IMPLEMENTATIONS = YES;
				CLANG_WARN_DIRECT_OBJC_ISA_USAGE = YES_ERROR;
				CLANG_WARN_DOCUMENTATION_COMMENTS = YES;
				CLANG_WARN_EMPTY_BODY = YES;
				CLANG_WARN_ENUM_CONVERSION = YES;
				CLANG_WARN_INFINITE_RECURSION = YES;
				CLANG_WARN_INT_CONVERSION = YES;
				CLANG_WARN_NON_LITERAL_NULL_CONVERSION = YES;
				CLANG_WARN_OBJC_IMPLICIT_RETAIN_SELF = YES;
				CLANG_WARN_OBJC_LITERAL_CONVERSION = YES;
				CLANG_WARN_OBJC_ROOT_CLASS = YES_ERROR;
				CLANG_WARN_RANGE_LOOP_ANALYSIS = YES;
				CLANG_WARN_STRICT_PROTOTYPES = YES;
				CLANG_WARN_SUSPICIOUS_MOVE = YES;
				CLANG_WARN_UNGUARDED_AVAILABILITY = YES_AGGRESSIVE;
				CLANG_WARN_UNREACHABLE_CODE = YES;
				CLANG_WARN__DUPLICATE_METHOD_MATCH = YES;
				COPY_PHASE_STRIP = NO;
				DEBUG_INFORMATION_FORMAT = dwarf;
				ENABLE_STRICT_OBJC_MSGSEND = YES;
				ENABLE_TESTABILITY = YES;
				GCC_C_LANGUAGE_STANDARD = gnu11;
				GCC_DYNAMIC_NO_PIC = NO;
				GCC_NO_COMMON_BLOCKS = YES;
				GCC_OPTIMIZATION_LEVEL = 0;
				GCC_PREPROCESSOR_DEFINITIONS = (
					"DEBUG=1",
					"$(inherited)",
				);
				GCC_WARN_64_TO_32_BIT_CONVERSION = YES;
				GCC_WARN_ABOUT_RETURN_TYPE = YES_ERROR;
				GCC_WARN_UNDECLARED_SELECTOR = YES;
				GCC_WARN_UNINITIALIZED_AUTOS = YES_AGGRESSIVE;
				GCC_WARN_UNUSED_FUNCTION = YES;
				GCC_WARN_UNUSED_VARIABLE = YES;
				IPHONEOS_DEPLOYMENT_TARGET = 13.4;
				MTL_ENABLE_DEBUG_INFO = INCLUDE_SOURCE;
				MTL_FAST_MATH = YES;
				ONLY_ACTIVE_ARCH = YES;
				SDKROOT = iphoneos;
				SWIFT_ACTIVE_COMPILATION_CONDITIONS = DEBUG;
				SWIFT_OPTIMIZATION_LEVEL = "-Onone";
			};
			name = Debug;
		};
		52739CC92449A047004A9697 /* Release */ = {
			isa = XCBuildConfiguration;
			buildSettings = {
				ALWAYS_SEARCH_USER_PATHS = NO;
				CLANG_ANALYZER_NONNULL = YES;
				CLANG_ANALYZER_NUMBER_OBJECT_CONVERSION = YES_AGGRESSIVE;
				CLANG_CXX_LANGUAGE_STANDARD = "gnu++14";
				CLANG_CXX_LIBRARY = "libc++";
				CLANG_ENABLE_MODULES = YES;
				CLANG_ENABLE_OBJC_ARC = YES;
				CLANG_ENABLE_OBJC_WEAK = YES;
				CLANG_WARN_BLOCK_CAPTURE_AUTORELEASING = YES;
				CLANG_WARN_BOOL_CONVERSION = YES;
				CLANG_WARN_COMMA = YES;
				CLANG_WARN_CONSTANT_CONVERSION = YES;
				CLANG_WARN_DEPRECATED_OBJC_IMPLEMENTATIONS = YES;
				CLANG_WARN_DIRECT_OBJC_ISA_USAGE = YES_ERROR;
				CLANG_WARN_DOCUMENTATION_COMMENTS = YES;
				CLANG_WARN_EMPTY_BODY = YES;
				CLANG_WARN_ENUM_CONVERSION = YES;
				CLANG_WARN_INFINITE_RECURSION = YES;
				CLANG_WARN_INT_CONVERSION = YES;
				CLANG_WARN_NON_LITERAL_NULL_CONVERSION = YES;
				CLANG_WARN_OBJC_IMPLICIT_RETAIN_SELF = YES;
				CLANG_WARN_OBJC_LITERAL_CONVERSION = YES;
				CLANG_WARN_OBJC_ROOT_CLASS = YES_ERROR;
				CLANG_WARN_RANGE_LOOP_ANALYSIS = YES;
				CLANG_WARN_STRICT_PROTOTYPES = YES;
				CLANG_WARN_SUSPICIOUS_MOVE = YES;
				CLANG_WARN_UNGUARDED_AVAILABILITY = YES_AGGRESSIVE;
				CLANG_WARN_UNREACHABLE_CODE = YES;
				CLANG_WARN__DUPLICATE_METHOD_MATCH = YES;
				COPY_PHASE_STRIP = NO;
				DEBUG_INFORMATION_FORMAT = "dwarf-with-dsym";
				ENABLE_NS_ASSERTIONS = NO;
				ENABLE_STRICT_OBJC_MSGSEND = YES;
				GCC_C_LANGUAGE_STANDARD = gnu11;
				GCC_NO_COMMON_BLOCKS = YES;
				GCC_WARN_64_TO_32_BIT_CONVERSION = YES;
				GCC_WARN_ABOUT_RETURN_TYPE = YES_ERROR;
				GCC_WARN_UNDECLARED_SELECTOR = YES;
				GCC_WARN_UNINITIALIZED_AUTOS = YES_AGGRESSIVE;
				GCC_WARN_UNUSED_FUNCTION = YES;
				GCC_WARN_UNUSED_VARIABLE = YES;
				IPHONEOS_DEPLOYMENT_TARGET = 13.4;
				MTL_ENABLE_DEBUG_INFO = NO;
				MTL_FAST_MATH = YES;
				SDKROOT = iphoneos;
				SWIFT_COMPILATION_MODE = wholemodule;
				SWIFT_OPTIMIZATION_LEVEL = "-O";
				VALIDATE_PRODUCT = YES;
			};
			name = Release;
		};
		52739CCB2449A047004A9697 /* Debug */ = {
			isa = XCBuildConfiguration;
			baseConfigurationReference = 3F1548C9B76E0B2D94704542 /* Pods-SmackApp.debug.xcconfig */;
			buildSettings = {
				ASSETCATALOG_COMPILER_APPICON_NAME = AppIcon;
				CLANG_ENABLE_MODULES = YES;
				CODE_SIGN_STYLE = Automatic;
				DEVELOPMENT_TEAM = HJ79PVPKFZ;
				INFOPLIST_FILE = SmackApp/Info.plist;
				LD_RUNPATH_SEARCH_PATHS = (
					"$(inherited)",
					"@executable_path/Frameworks",
				);
				PRODUCT_BUNDLE_IDENTIFIER = neha.SmackApp;
				PRODUCT_NAME = "$(TARGET_NAME)";
				SWIFT_OBJC_BRIDGING_HEADER = "SmackApp/supporting files/SmackApp-Bridging-Header.h";
				SWIFT_OPTIMIZATION_LEVEL = "-Onone";
				SWIFT_VERSION = 5.0;
				TARGETED_DEVICE_FAMILY = "1,2";
			};
			name = Debug;
		};
		52739CCC2449A047004A9697 /* Release */ = {
			isa = XCBuildConfiguration;
			baseConfigurationReference = C1A592853A109405035C496C /* Pods-SmackApp.release.xcconfig */;
			buildSettings = {
				ASSETCATALOG_COMPILER_APPICON_NAME = AppIcon;
				CLANG_ENABLE_MODULES = YES;
				CODE_SIGN_STYLE = Automatic;
				DEVELOPMENT_TEAM = HJ79PVPKFZ;
				INFOPLIST_FILE = SmackApp/Info.plist;
				LD_RUNPATH_SEARCH_PATHS = (
					"$(inherited)",
					"@executable_path/Frameworks",
				);
				PRODUCT_BUNDLE_IDENTIFIER = neha.SmackApp;
				PRODUCT_NAME = "$(TARGET_NAME)";
				SWIFT_OBJC_BRIDGING_HEADER = "SmackApp/supporting files/SmackApp-Bridging-Header.h";
				SWIFT_VERSION = 5.0;
				TARGETED_DEVICE_FAMILY = "1,2";
			};
			name = Release;
		};
/* End XCBuildConfiguration section */

/* Begin XCConfigurationList section */
		52739CB12449A044004A9697 /* Build configuration list for PBXProject "SmackApp" */ = {
			isa = XCConfigurationList;
			buildConfigurations = (
				52739CC82449A047004A9697 /* Debug */,
				52739CC92449A047004A9697 /* Release */,
			);
			defaultConfigurationIsVisible = 0;
			defaultConfigurationName = Release;
		};
		52739CCA2449A047004A9697 /* Build configuration list for PBXNativeTarget "SmackApp" */ = {
			isa = XCConfigurationList;
			buildConfigurations = (
				52739CCB2449A047004A9697 /* Debug */,
				52739CCC2449A047004A9697 /* Release */,
			);
			defaultConfigurationIsVisible = 0;
			defaultConfigurationName = Release;
		};
/* End XCConfigurationList section */
	};
	rootObject = 52739CAE2449A044004A9697 /* Project object */;
}
